// !$*UTF8*$!
{
	archiveVersion = 1;
	classes = {
	};
	objectVersion = 48;
	objects = {

/* Begin PBXBuildFile section */
		93C42B301FEB0D9700E33BB8 /* FactViewController.swift in Sources */ = {isa = PBXBuildFile; fileRef = 93C42B2F1FEB0D9700E33BB8 /* FactViewController.swift */; };
		93C42B321FEB101400E33BB8 /* CelebrateViewController.swift in Sources */ = {isa = PBXBuildFile; fileRef = 93C42B311FEB101400E33BB8 /* CelebrateViewController.swift */; };
		93C6D0421FE2040000C1088F /* AppDelegate.swift in Sources */ = {isa = PBXBuildFile; fileRef = 93C6D0411FE2040000C1088F /* AppDelegate.swift */; };
		93C6D0441FE2040000C1088F /* MainViewController.swift in Sources */ = {isa = PBXBuildFile; fileRef = 93C6D0431FE2040000C1088F /* MainViewController.swift */; };
		93C6D0471FE2040000C1088F /* Main.storyboard in Resources */ = {isa = PBXBuildFile; fileRef = 93C6D0451FE2040000C1088F /* Main.storyboard */; };
		93C6D04A1FE2040000C1088F /* MathFacts.xcdatamodeld in Sources */ = {isa = PBXBuildFile; fileRef = 93C6D0481FE2040000C1088F /* MathFacts.xcdatamodeld */; };
		93C6D04C1FE2040000C1088F /* Assets.xcassets in Resources */ = {isa = PBXBuildFile; fileRef = 93C6D04B1FE2040000C1088F /* Assets.xcassets */; };
		93C6D04F1FE2040000C1088F /* LaunchScreen.storyboard in Resources */ = {isa = PBXBuildFile; fileRef = 93C6D04D1FE2040000C1088F /* LaunchScreen.storyboard */; };
		93D6CFDA2002A6F300EE0E70 /* Default-568h@2x.png in Resources */ = {isa = PBXBuildFile; fileRef = 93D6CFD92002A6F300EE0E70 /* Default-568h@2x.png */; };
		93D6CFDC2002D58600EE0E70 /* MainView.swift in Sources */ = {isa = PBXBuildFile; fileRef = 93D6CFDB2002D58600EE0E70 /* MainView.swift */; };
		93D6CFDE2002D65700EE0E70 /* MathFactsModel.swift in Sources */ = {isa = PBXBuildFile; fileRef = 93D6CFDD2002D65700EE0E70 /* MathFactsModel.swift */; };
		93D6CFE020034C7200EE0E70 /* UIViewX.swift in Sources */ = {isa = PBXBuildFile; fileRef = 93D6CFDF20034C7200EE0E70 /* UIViewX.swift */; };
		93D6CFE22003E65800EE0E70 /* MathFact.swift in Sources */ = {isa = PBXBuildFile; fileRef = 93D6CFE12003E65800EE0E70 /* MathFact.swift */; };
		93D6CFE520041D8300EE0E70 /* CoreDataManager.swift in Sources */ = {isa = PBXBuildFile; fileRef = 93D6CFE420041D8300EE0E70 /* CoreDataManager.swift */; };
		93D6CFE72004479F00EE0E70 /* ApplicationSession.swift in Sources */ = {isa = PBXBuildFile; fileRef = 93D6CFE62004479F00EE0E70 /* ApplicationSession.swift */; };
		93D6CFED200530CE00EE0E70 /* FactsPersistence.swift in Sources */ = {isa = PBXBuildFile; fileRef = 93D6CFEC200530CE00EE0E70 /* FactsPersistence.swift */; };
		93D6CFEF2005313700EE0E70 /* UserPersistence.swift in Sources */ = {isa = PBXBuildFile; fileRef = 93D6CFEE2005313700EE0E70 /* UserPersistence.swift */; };
		93D6CFFA2005331E00EE0E70 /* MathFact+CoreDataClass.swift in Sources */ = {isa = PBXBuildFile; fileRef = 93D6CFF22005331E00EE0E70 /* MathFact+CoreDataClass.swift */; };
		93D6CFFB2005331E00EE0E70 /* MathFact+CoreDataProperties.swift in Sources */ = {isa = PBXBuildFile; fileRef = 93D6CFF32005331E00EE0E70 /* MathFact+CoreDataProperties.swift */; };
		93D6CFFC2005331E00EE0E70 /* Student+CoreDataClass.swift in Sources */ = {isa = PBXBuildFile; fileRef = 93D6CFF42005331E00EE0E70 /* Student+CoreDataClass.swift */; };
		93D6CFFD2005331E00EE0E70 /* Student+CoreDataProperties.swift in Sources */ = {isa = PBXBuildFile; fileRef = 93D6CFF52005331E00EE0E70 /* Student+CoreDataProperties.swift */; };
		93D6CFFE2005331E00EE0E70 /* StudentFact+CoreDataClass.swift in Sources */ = {isa = PBXBuildFile; fileRef = 93D6CFF62005331E00EE0E70 /* StudentFact+CoreDataClass.swift */; };
		93D6CFFF2005331E00EE0E70 /* StudentFact+CoreDataProperties.swift in Sources */ = {isa = PBXBuildFile; fileRef = 93D6CFF72005331E00EE0E70 /* StudentFact+CoreDataProperties.swift */; };
		93D6D0002005331E00EE0E70 /* User+CoreDataClass.swift in Sources */ = {isa = PBXBuildFile; fileRef = 93D6CFF82005331E00EE0E70 /* User+CoreDataClass.swift */; };
		93D6D0012005331E00EE0E70 /* User+CoreDataProperties.swift in Sources */ = {isa = PBXBuildFile; fileRef = 93D6CFF92005331E00EE0E70 /* User+CoreDataProperties.swift */; };
/* End PBXBuildFile section */

/* Begin PBXFileReference section */
		93C42B2F1FEB0D9700E33BB8 /* FactViewController.swift */ = {isa = PBXFileReference; lastKnownFileType = sourcecode.swift; path = FactViewController.swift; sourceTree = "<group>"; };
		93C42B311FEB101400E33BB8 /* CelebrateViewController.swift */ = {isa = PBXFileReference; lastKnownFileType = sourcecode.swift; path = CelebrateViewController.swift; sourceTree = "<group>"; };
		93C6D03E1FE2040000C1088F /* MathFacts.app */ = {isa = PBXFileReference; explicitFileType = wrapper.application; includeInIndex = 0; path = MathFacts.app; sourceTree = BUILT_PRODUCTS_DIR; };
		93C6D0411FE2040000C1088F /* AppDelegate.swift */ = {isa = PBXFileReference; lastKnownFileType = sourcecode.swift; path = AppDelegate.swift; sourceTree = "<group>"; };
		93C6D0431FE2040000C1088F /* MainViewController.swift */ = {isa = PBXFileReference; lastKnownFileType = sourcecode.swift; path = MainViewController.swift; sourceTree = "<group>"; };
		93C6D0461FE2040000C1088F /* Base */ = {isa = PBXFileReference; lastKnownFileType = file.storyboard; name = Base; path = Base.lproj/Main.storyboard; sourceTree = "<group>"; };
		93C6D0491FE2040000C1088F /* MathFacts.xcdatamodel */ = {isa = PBXFileReference; lastKnownFileType = wrapper.xcdatamodel; path = MathFacts.xcdatamodel; sourceTree = "<group>"; };
		93C6D04B1FE2040000C1088F /* Assets.xcassets */ = {isa = PBXFileReference; lastKnownFileType = folder.assetcatalog; path = Assets.xcassets; sourceTree = "<group>"; };
		93C6D04E1FE2040000C1088F /* Base */ = {isa = PBXFileReference; lastKnownFileType = file.storyboard; name = Base; path = Base.lproj/LaunchScreen.storyboard; sourceTree = "<group>"; };
		93C6D0501FE2040000C1088F /* Info.plist */ = {isa = PBXFileReference; lastKnownFileType = text.plist.xml; path = Info.plist; sourceTree = "<group>"; };
		93D6CFD92002A6F300EE0E70 /* Default-568h@2x.png */ = {isa = PBXFileReference; lastKnownFileType = image.png; path = "Default-568h@2x.png"; sourceTree = "<group>"; };
		93D6CFDB2002D58600EE0E70 /* MainView.swift */ = {isa = PBXFileReference; lastKnownFileType = sourcecode.swift; path = MainView.swift; sourceTree = "<group>"; };
		93D6CFDD2002D65700EE0E70 /* MathFactsModel.swift */ = {isa = PBXFileReference; lastKnownFileType = sourcecode.swift; path = MathFactsModel.swift; sourceTree = "<group>"; };
		93D6CFDF20034C7200EE0E70 /* UIViewX.swift */ = {isa = PBXFileReference; lastKnownFileType = sourcecode.swift; path = UIViewX.swift; sourceTree = "<group>"; };
		93D6CFE12003E65800EE0E70 /* MathFact.swift */ = {isa = PBXFileReference; lastKnownFileType = sourcecode.swift; path = MathFact.swift; sourceTree = "<group>"; };
		93D6CFE420041D8300EE0E70 /* CoreDataManager.swift */ = {isa = PBXFileReference; lastKnownFileType = sourcecode.swift; path = CoreDataManager.swift; sourceTree = "<group>"; };
		93D6CFE62004479F00EE0E70 /* ApplicationSession.swift */ = {isa = PBXFileReference; lastKnownFileType = sourcecode.swift; path = ApplicationSession.swift; sourceTree = "<group>"; };
		93D6CFEC200530CE00EE0E70 /* FactsPersistence.swift */ = {isa = PBXFileReference; lastKnownFileType = sourcecode.swift; path = FactsPersistence.swift; sourceTree = "<group>"; };
		93D6CFEE2005313700EE0E70 /* UserPersistence.swift */ = {isa = PBXFileReference; lastKnownFileType = sourcecode.swift; path = UserPersistence.swift; sourceTree = "<group>"; };
		93D6CFF22005331E00EE0E70 /* MathFact+CoreDataClass.swift */ = {isa = PBXFileReference; lastKnownFileType = sourcecode.swift; path = "MathFact+CoreDataClass.swift"; sourceTree = "<group>"; };
		93D6CFF32005331E00EE0E70 /* MathFact+CoreDataProperties.swift */ = {isa = PBXFileReference; lastKnownFileType = sourcecode.swift; path = "MathFact+CoreDataProperties.swift"; sourceTree = "<group>"; };
		93D6CFF42005331E00EE0E70 /* Student+CoreDataClass.swift */ = {isa = PBXFileReference; lastKnownFileType = sourcecode.swift; path = "Student+CoreDataClass.swift"; sourceTree = "<group>"; };
		93D6CFF52005331E00EE0E70 /* Student+CoreDataProperties.swift */ = {isa = PBXFileReference; lastKnownFileType = sourcecode.swift; path = "Student+CoreDataProperties.swift"; sourceTree = "<group>"; };
		93D6CFF62005331E00EE0E70 /* StudentFact+CoreDataClass.swift */ = {isa = PBXFileReference; lastKnownFileType = sourcecode.swift; path = "StudentFact+CoreDataClass.swift"; sourceTree = "<group>"; };
		93D6CFF72005331E00EE0E70 /* StudentFact+CoreDataProperties.swift */ = {isa = PBXFileReference; lastKnownFileType = sourcecode.swift; path = "StudentFact+CoreDataProperties.swift"; sourceTree = "<group>"; };
		93D6CFF82005331E00EE0E70 /* User+CoreDataClass.swift */ = {isa = PBXFileReference; lastKnownFileType = sourcecode.swift; path = "User+CoreDataClass.swift"; sourceTree = "<group>"; };
		93D6CFF92005331E00EE0E70 /* User+CoreDataProperties.swift */ = {isa = PBXFileReference; lastKnownFileType = sourcecode.swift; path = "User+CoreDataProperties.swift"; sourceTree = "<group>"; };
/* End PBXFileReference section */

/* Begin PBXFrameworksBuildPhase section */
		93C6D03B1FE2040000C1088F /* Frameworks */ = {
			isa = PBXFrameworksBuildPhase;
			buildActionMask = 2147483647;
			files = (
			);
			runOnlyForDeploymentPostprocessing = 0;
		};
/* End PBXFrameworksBuildPhase section */

/* Begin PBXGroup section */
		93C42B331FEB398600E33BB8 /* Supporting Files */ = {
			isa = PBXGroup;
			children = (
				93C6D04D1FE2040000C1088F /* LaunchScreen.storyboard */,
				93C6D04B1FE2040000C1088F /* Assets.xcassets */,
				93D6CFD92002A6F300EE0E70 /* Default-568h@2x.png */,
				93C6D0411FE2040000C1088F /* AppDelegate.swift */,
				93C6D0501FE2040000C1088F /* Info.plist */,
			);
			path = "Supporting Files";
			sourceTree = "<group>";
		};
		93C6D0351FE2040000C1088F = {
			isa = PBXGroup;
			children = (
				93C6D0401FE2040000C1088F /* MathFacts */,
				93C6D03F1FE2040000C1088F /* Products */,
			);
			sourceTree = "<group>";
		};
		93C6D03F1FE2040000C1088F /* Products */ = {
			isa = PBXGroup;
			children = (
				93C6D03E1FE2040000C1088F /* MathFacts.app */,
			);
			name = Products;
			sourceTree = "<group>";
		};
		93C6D0401FE2040000C1088F /* MathFacts */ = {
			isa = PBXGroup;
			children = (
				93D6CFE82004486500EE0E70 /* Main */,
				93D6CFE9200448E900EE0E70 /* View Controllers */,
				93D6CFEB2004540400EE0E70 /* Model */,
				93D6CFE320041D5000EE0E70 /* CoreData */,
				93D6CFEA2004492900EE0E70 /* Views */,
				93C42B331FEB398600E33BB8 /* Supporting Files */,
			);
			path = MathFacts;
			sourceTree = "<group>";
		};
		93D6CFE320041D5000EE0E70 /* CoreData */ = {
			isa = PBXGroup;
			children = (
				93D6CFF12005324C00EE0E70 /* Classes */,
				93D6CFF02005323E00EE0E70 /* Properties */,
				93C6D0481FE2040000C1088F /* MathFacts.xcdatamodeld */,
				93D6CFE420041D8300EE0E70 /* CoreDataManager.swift */,
				93D6CFEC200530CE00EE0E70 /* FactsPersistence.swift */,
				93D6CFEE2005313700EE0E70 /* UserPersistence.swift */,
			);
			path = CoreData;
			sourceTree = "<group>";
		};
		93D6CFE82004486500EE0E70 /* Main */ = {
			isa = PBXGroup;
			children = (
				93C6D0451FE2040000C1088F /* Main.storyboard */,
				93D6CFE62004479F00EE0E70 /* ApplicationSession.swift */,
			);
			path = Main;
			sourceTree = "<group>";
		};
		93D6CFE9200448E900EE0E70 /* View Controllers */ = {
			isa = PBXGroup;
			children = (
				93C6D0431FE2040000C1088F /* MainViewController.swift */,
				93C42B2F1FEB0D9700E33BB8 /* FactViewController.swift */,
				93C42B311FEB101400E33BB8 /* CelebrateViewController.swift */,
			);
			path = "View Controllers";
			sourceTree = "<group>";
		};
		93D6CFEA2004492900EE0E70 /* Views */ = {
			isa = PBXGroup;
			children = (
				93D6CFDB2002D58600EE0E70 /* MainView.swift */,
				93D6CFDF20034C7200EE0E70 /* UIViewX.swift */,
			);
			path = Views;
			sourceTree = "<group>";
		};
		93D6CFEB2004540400EE0E70 /* Model */ = {
			isa = PBXGroup;
			children = (
				93D6CFDD2002D65700EE0E70 /* MathFactsModel.swift */,
				93D6CFE12003E65800EE0E70 /* MathFact.swift */,
			);
			path = Model;
			sourceTree = "<group>";
		};
		93D6CFF02005323E00EE0E70 /* Properties */ = {
			isa = PBXGroup;
			children = (
				93D6CFF32005331E00EE0E70 /* MathFact+CoreDataProperties.swift */,
				93D6CFF52005331E00EE0E70 /* Student+CoreDataProperties.swift */,
				93D6CFF72005331E00EE0E70 /* StudentFact+CoreDataProperties.swift */,
				93D6CFF92005331E00EE0E70 /* User+CoreDataProperties.swift */,
			);
			path = Properties;
			sourceTree = "<group>";
		};
		93D6CFF12005324C00EE0E70 /* Classes */ = {
			isa = PBXGroup;
			children = (
				93D6CFF22005331E00EE0E70 /* MathFact+CoreDataClass.swift */,
				93D6CFF42005331E00EE0E70 /* Student+CoreDataClass.swift */,
				93D6CFF62005331E00EE0E70 /* StudentFact+CoreDataClass.swift */,
				93D6CFF82005331E00EE0E70 /* User+CoreDataClass.swift */,
			);
			path = Classes;
			sourceTree = "<group>";
		};
/* End PBXGroup section */

/* Begin PBXNativeTarget section */
		93C6D03D1FE2040000C1088F /* MathFacts */ = {
			isa = PBXNativeTarget;
			buildConfigurationList = 93C6D0531FE2040000C1088F /* Build configuration list for PBXNativeTarget "MathFacts" */;
			buildPhases = (
				93C6D03A1FE2040000C1088F /* Sources */,
				93C6D03B1FE2040000C1088F /* Frameworks */,
				93C6D03C1FE2040000C1088F /* Resources */,
			);
			buildRules = (
			);
			dependencies = (
			);
			name = MathFacts;
			productName = MathFacts;
			productReference = 93C6D03E1FE2040000C1088F /* MathFacts.app */;
			productType = "com.apple.product-type.application";
		};
/* End PBXNativeTarget section */

/* Begin PBXProject section */
		93C6D0361FE2040000C1088F /* Project object */ = {
			isa = PBXProject;
			attributes = {
				LastSwiftUpdateCheck = 0910;
				LastUpgradeCheck = 0910;
				ORGANIZATIONNAME = "Mary Niederschmidt";
				TargetAttributes = {
					93C6D03D1FE2040000C1088F = {
						CreatedOnToolsVersion = 9.1;
						ProvisioningStyle = Automatic;
					};
				};
			};
			buildConfigurationList = 93C6D0391FE2040000C1088F /* Build configuration list for PBXProject "MathFacts" */;
			compatibilityVersion = "Xcode 8.0";
			developmentRegion = en;
			hasScannedForEncodings = 0;
			knownRegions = (
				en,
				Base,
			);
			mainGroup = 93C6D0351FE2040000C1088F;
			productRefGroup = 93C6D03F1FE2040000C1088F /* Products */;
			projectDirPath = "";
			projectRoot = "";
			targets = (
				93C6D03D1FE2040000C1088F /* MathFacts */,
			);
		};
/* End PBXProject section */

/* Begin PBXResourcesBuildPhase section */
		93C6D03C1FE2040000C1088F /* Resources */ = {
			isa = PBXResourcesBuildPhase;
			buildActionMask = 2147483647;
			files = (
				93C6D04F1FE2040000C1088F /* LaunchScreen.storyboard in Resources */,
				93D6CFDA2002A6F300EE0E70 /* Default-568h@2x.png in Resources */,
				93C6D04C1FE2040000C1088F /* Assets.xcassets in Resources */,
				93C6D0471FE2040000C1088F /* Main.storyboard in Resources */,
			);
			runOnlyForDeploymentPostprocessing = 0;
		};
/* End PBXResourcesBuildPhase section */

/* Begin PBXSourcesBuildPhase section */
		93C6D03A1FE2040000C1088F /* Sources */ = {
			isa = PBXSourcesBuildPhase;
			buildActionMask = 2147483647;
			files = (
				93D6CFFF2005331E00EE0E70 /* StudentFact+CoreDataProperties.swift in Sources */,
				93C6D0441FE2040000C1088F /* MainViewController.swift in Sources */,
				93D6CFFC2005331E00EE0E70 /* Student+CoreDataClass.swift in Sources */,
				93D6CFE020034C7200EE0E70 /* UIViewX.swift in Sources */,
				93C6D0421FE2040000C1088F /* AppDelegate.swift in Sources */,
				93D6CFFA2005331E00EE0E70 /* MathFact+CoreDataClass.swift in Sources */,
				93C6D04A1FE2040000C1088F /* MathFacts.xcdatamodeld in Sources */,
				93D6CFDE2002D65700EE0E70 /* MathFactsModel.swift in Sources */,
				93D6CFFD2005331E00EE0E70 /* Student+CoreDataProperties.swift in Sources */,
				93D6CFFB2005331E00EE0E70 /* MathFact+CoreDataProperties.swift in Sources */,
				93D6CFDC2002D58600EE0E70 /* MainView.swift in Sources */,
				93D6CFE22003E65800EE0E70 /* MathFact.swift in Sources */,
				93C42B301FEB0D9700E33BB8 /* FactViewController.swift in Sources */,
				93D6CFE520041D8300EE0E70 /* CoreDataManager.swift in Sources */,
				93D6D0002005331E00EE0E70 /* User+CoreDataClass.swift in Sources */,
				93D6CFFE2005331E00EE0E70 /* StudentFact+CoreDataClass.swift in Sources */,
				93C42B321FEB101400E33BB8 /* CelebrateViewController.swift in Sources */,
				93D6D0012005331E00EE0E70 /* User+CoreDataProperties.swift in Sources */,
				93D6CFE72004479F00EE0E70 /* ApplicationSession.swift in Sources */,
				93D6CFEF2005313700EE0E70 /* UserPersistence.swift in Sources */,
				93D6CFED200530CE00EE0E70 /* FactsPersistence.swift in Sources */,
			);
			runOnlyForDeploymentPostprocessing = 0;
		};
/* End PBXSourcesBuildPhase section */

/* Begin PBXVariantGroup section */
		93C6D0451FE2040000C1088F /* Main.storyboard */ = {
			isa = PBXVariantGroup;
			children = (
				93C6D0461FE2040000C1088F /* Base */,
			);
			name = Main.storyboard;
			sourceTree = "<group>";
		};
		93C6D04D1FE2040000C1088F /* LaunchScreen.storyboard */ = {
			isa = PBXVariantGroup;
			children = (
				93C6D04E1FE2040000C1088F /* Base */,
			);
			name = LaunchScreen.storyboard;
			sourceTree = "<group>";
		};
/* End PBXVariantGroup section */

/* Begin XCBuildConfiguration section */
		93C6D0511FE2040000C1088F /* Debug */ = {
			isa = XCBuildConfiguration;
			buildSettings = {
				ALWAYS_SEARCH_USER_PATHS = NO;
				CLANG_ANALYZER_NONNULL = YES;
				CLANG_ANALYZER_NUMBER_OBJECT_CONVERSION = YES_AGGRESSIVE;
				CLANG_CXX_LANGUAGE_STANDARD = "gnu++14";
				CLANG_CXX_LIBRARY = "libc++";
				CLANG_ENABLE_MODULES = YES;
				CLANG_ENABLE_OBJC_ARC = YES;
				CLANG_WARN_BLOCK_CAPTURE_AUTORELEASING = YES;
				CLANG_WARN_BOOL_CONVERSION = YES;
				CLANG_WARN_COMMA = YES;
				CLANG_WARN_CONSTANT_CONVERSION = YES;
				CLANG_WARN_DIRECT_OBJC_ISA_USAGE = YES_ERROR;
				CLANG_WARN_DOCUMENTATION_COMMENTS = YES;
				CLANG_WARN_EMPTY_BODY = YES;
				CLANG_WARN_ENUM_CONVERSION = YES;
				CLANG_WARN_INFINITE_RECURSION = YES;
				CLANG_WARN_INT_CONVERSION = YES;
				CLANG_WARN_NON_LITERAL_NULL_CONVERSION = YES;
				CLANG_WARN_OBJC_LITERAL_CONVERSION = YES;
				CLANG_WARN_OBJC_ROOT_CLASS = YES_ERROR;
				CLANG_WARN_RANGE_LOOP_ANALYSIS = YES;
				CLANG_WARN_STRICT_PROTOTYPES = YES;
				CLANG_WARN_SUSPICIOUS_MOVE = YES;
				CLANG_WARN_UNGUARDED_AVAILABILITY = YES_AGGRESSIVE;
				CLANG_WARN_UNREACHABLE_CODE = YES;
				CLANG_WARN__DUPLICATE_METHOD_MATCH = YES;
				CODE_SIGN_IDENTITY = "iPhone Developer";
				COPY_PHASE_STRIP = NO;
				DEBUG_INFORMATION_FORMAT = dwarf;
				ENABLE_STRICT_OBJC_MSGSEND = YES;
				ENABLE_TESTABILITY = YES;
				GCC_C_LANGUAGE_STANDARD = gnu11;
				GCC_DYNAMIC_NO_PIC = NO;
				GCC_NO_COMMON_BLOCKS = YES;
				GCC_OPTIMIZATION_LEVEL = 0;
				GCC_PREPROCESSOR_DEFINITIONS = (
					"DEBUG=1",
					"$(inherited)",
				);
				GCC_WARN_64_TO_32_BIT_CONVERSION = YES;
				GCC_WARN_ABOUT_RETURN_TYPE = YES_ERROR;
				GCC_WARN_UNDECLARED_SELECTOR = YES;
				GCC_WARN_UNINITIALIZED_AUTOS = YES_AGGRESSIVE;
				GCC_WARN_UNUSED_FUNCTION = YES;
				GCC_WARN_UNUSED_VARIABLE = YES;
				IPHONEOS_DEPLOYMENT_TARGET = 11.1;
				MTL_ENABLE_DEBUG_INFO = YES;
				ONLY_ACTIVE_ARCH = YES;
				SDKROOT = iphoneos;
				SWIFT_ACTIVE_COMPILATION_CONDITIONS = DEBUG;
				SWIFT_OPTIMIZATION_LEVEL = "-Onone";
			};
			name = Debug;
		};
		93C6D0521FE2040000C1088F /* Release */ = {
			isa = XCBuildConfiguration;
			buildSettings = {
				ALWAYS_SEARCH_USER_PATHS = NO;
				CLANG_ANALYZER_NONNULL = YES;
				CLANG_ANALYZER_NUMBER_OBJECT_CONVERSION = YES_AGGRESSIVE;
				CLANG_CXX_LANGUAGE_STANDARD = "gnu++14";
				CLANG_CXX_LIBRARY = "libc++";
				CLANG_ENABLE_MODULES = YES;
				CLANG_ENABLE_OBJC_ARC = YES;
				CLANG_WARN_BLOCK_CAPTURE_AUTORELEASING = YES;
				CLANG_WARN_BOOL_CONVERSION = YES;
				CLANG_WARN_COMMA = YES;
				CLANG_WARN_CONSTANT_CONVERSION = YES;
				CLANG_WARN_DIRECT_OBJC_ISA_USAGE = YES_ERROR;
				CLANG_WARN_DOCUMENTATION_COMMENTS = YES;
				CLANG_WARN_EMPTY_BODY = YES;
				CLANG_WARN_ENUM_CONVERSION = YES;
				CLANG_WARN_INFINITE_RECURSION = YES;
				CLANG_WARN_INT_CONVERSION = YES;
				CLANG_WARN_NON_LITERAL_NULL_CONVERSION = YES;
				CLANG_WARN_OBJC_LITERAL_CONVERSION = YES;
				CLANG_WARN_OBJC_ROOT_CLASS = YES_ERROR;
				CLANG_WARN_RANGE_LOOP_ANALYSIS = YES;
				CLANG_WARN_STRICT_PROTOTYPES = YES;
				CLANG_WARN_SUSPICIOUS_MOVE = YES;
				CLANG_WARN_UNGUARDED_AVAILABILITY = YES_AGGRESSIVE;
				CLANG_WARN_UNREACHABLE_CODE = YES;
				CLANG_WARN__DUPLICATE_METHOD_MATCH = YES;
				CODE_SIGN_IDENTITY = "iPhone Developer";
				COPY_PHASE_STRIP = NO;
				DEBUG_INFORMATION_FORMAT = "dwarf-with-dsym";
				ENABLE_NS_ASSERTIONS = NO;
				ENABLE_STRICT_OBJC_MSGSEND = YES;
				GCC_C_LANGUAGE_STANDARD = gnu11;
				GCC_NO_COMMON_BLOCKS = YES;
				GCC_WARN_64_TO_32_BIT_CONVERSION = YES;
				GCC_WARN_ABOUT_RETURN_TYPE = YES_ERROR;
				GCC_WARN_UNDECLARED_SELECTOR = YES;
				GCC_WARN_UNINITIALIZED_AUTOS = YES_AGGRESSIVE;
				GCC_WARN_UNUSED_FUNCTION = YES;
				GCC_WARN_UNUSED_VARIABLE = YES;
				IPHONEOS_DEPLOYMENT_TARGET = 11.1;
				MTL_ENABLE_DEBUG_INFO = NO;
				SDKROOT = iphoneos;
				SWIFT_OPTIMIZATION_LEVEL = "-Owholemodule";
				VALIDATE_PRODUCT = YES;
			};
			name = Release;
		};
		93C6D0541FE2040000C1088F /* Debug */ = {
			isa = XCBuildConfiguration;
			buildSettings = {
				ASSETCATALOG_COMPILER_APPICON_NAME = AppIcon;
				CODE_SIGN_STYLE = Automatic;
				INFOPLIST_FILE = "$(SRCROOT)/MathFacts/Supporting Files/Info.plist";
				LD_RUNPATH_SEARCH_PATHS = "$(inherited) @executable_path/Frameworks";
				PRODUCT_BUNDLE_IDENTIFIER = org.launchcode.MathFacts;
				PRODUCT_NAME = "$(TARGET_NAME)";
				SWIFT_VERSION = 4.0;
				TARGETED_DEVICE_FAMILY = "1,2";
			};
			name = Debug;
		};
		93C6D0551FE2040000C1088F /* Release */ = {
			isa = XCBuildConfiguration;
			buildSettings = {
				ASSETCATALOG_COMPILER_APPICON_NAME = AppIcon;
				CODE_SIGN_STYLE = Automatic;
				INFOPLIST_FILE = "$(SRCROOT)/MathFacts/Supporting Files/Info.plist";
				LD_RUNPATH_SEARCH_PATHS = "$(inherited) @executable_path/Frameworks";
				PRODUCT_BUNDLE_IDENTIFIER = org.launchcode.MathFacts;
				PRODUCT_NAME = "$(TARGET_NAME)";
				SWIFT_VERSION = 4.0;
				TARGETED_DEVICE_FAMILY = "1,2";
			};
			name = Release;
		};
/* End XCBuildConfiguration section */

/* Begin XCConfigurationList section */
		93C6D0391FE2040000C1088F /* Build configuration list for PBXProject "MathFacts" */ = {
			isa = XCConfigurationList;
			buildConfigurations = (
				93C6D0511FE2040000C1088F /* Debug */,
				93C6D0521FE2040000C1088F /* Release */,
			);
			defaultConfigurationIsVisible = 0;
			defaultConfigurationName = Release;
		};
		93C6D0531FE2040000C1088F /* Build configuration list for PBXNativeTarget "MathFacts" */ = {
			isa = XCConfigurationList;
			buildConfigurations = (
				93C6D0541FE2040000C1088F /* Debug */,
				93C6D0551FE2040000C1088F /* Release */,
			);
			defaultConfigurationIsVisible = 0;
			defaultConfigurationName = Release;
		};
/* End XCConfigurationList section */

/* Begin XCVersionGroup section */
		93C6D0481FE2040000C1088F /* MathFacts.xcdatamodeld */ = {
			isa = XCVersionGroup;
			children = (
				93C6D0491FE2040000C1088F /* MathFacts.xcdatamodel */,
			);
			currentVersion = 93C6D0491FE2040000C1088F /* MathFacts.xcdatamodel */;
			path = MathFacts.xcdatamodeld;
			sourceTree = "<group>";
			versionGroupType = wrapper.xcdatamodel;
		};
/* End XCVersionGroup section */
	};
	rootObject = 93C6D0361FE2040000C1088F /* Project object */;
}
